// !$*UTF8*$!
{
	archiveVersion = 1;
	classes = {
	};
	objectVersion = 50;
	objects = {

/* Begin PBXBuildFile section */
		4C9D3B8A2107FCF5002262C3 /* AppDelegate.swift in Sources */ = {isa = PBXBuildFile; fileRef = 4C9D3B892107FCF5002262C3 /* AppDelegate.swift */; };
		4C9D3B8C2107FCF5002262C3 /* GoalsVC.swift in Sources */ = {isa = PBXBuildFile; fileRef = 4C9D3B8B2107FCF5002262C3 /* GoalsVC.swift */; };
		4C9D3B8F2107FCF5002262C3 /* Main.storyboard in Resources */ = {isa = PBXBuildFile; fileRef = 4C9D3B8D2107FCF5002262C3 /* Main.storyboard */; };
		4C9D3B922107FCF5002262C3 /* GoalKeeping.xcdatamodeld in Sources */ = {isa = PBXBuildFile; fileRef = 4C9D3B902107FCF5002262C3 /* GoalKeeping.xcdatamodeld */; };
		4C9D3B942107FCF6002262C3 /* Assets.xcassets in Resources */ = {isa = PBXBuildFile; fileRef = 4C9D3B932107FCF6002262C3 /* Assets.xcassets */; };
		4C9D3B972107FCF6002262C3 /* LaunchScreen.storyboard in Resources */ = {isa = PBXBuildFile; fileRef = 4C9D3B952107FCF6002262C3 /* LaunchScreen.storyboard */; };
		4C9D3BAA21090A54002262C3 /* GoalCell.swift in Sources */ = {isa = PBXBuildFile; fileRef = 4C9D3BA921090A54002262C3 /* GoalCell.swift */; };
		4C9D3BAC210918F2002262C3 /* GoalType.swift in Sources */ = {isa = PBXBuildFile; fileRef = 4C9D3BAB210918F2002262C3 /* GoalType.swift */; };
		4C9D3BAE21091E7F002262C3 /* GoalsInputVC.swift in Sources */ = {isa = PBXBuildFile; fileRef = 4C9D3BAD21091E7F002262C3 /* GoalsInputVC.swift */; };
		4C9D3BB021091EDC002262C3 /* RoundedButton.swift in Sources */ = {isa = PBXBuildFile; fileRef = 4C9D3BAF21091EDC002262C3 /* RoundedButton.swift */; };
		4C9D3BB221092C12002262C3 /* UIViewControllerExt.swift in Sources */ = {isa = PBXBuildFile; fileRef = 4C9D3BB121092C12002262C3 /* UIViewControllerExt.swift */; };
		4C9D3BB421094C42002262C3 /* UIViewExt.swift in Sources */ = {isa = PBXBuildFile; fileRef = 4C9D3BB321094C42002262C3 /* UIViewExt.swift */; };
		4C9D3BB6210950C1002262C3 /* UIButtonExt.swift in Sources */ = {isa = PBXBuildFile; fileRef = 4C9D3BB5210950C1002262C3 /* UIButtonExt.swift */; };
		4C9D3BB821095BE1002262C3 /* FinishGoalVC.swift in Sources */ = {isa = PBXBuildFile; fileRef = 4C9D3BB721095BE1002262C3 /* FinishGoalVC.swift */; };
/* End PBXBuildFile section */

/* Begin PBXFileReference section */
		4C9D3B862107FCF5002262C3 /* GoalKeeping.app */ = {isa = PBXFileReference; explicitFileType = wrapper.application; includeInIndex = 0; path = GoalKeeping.app; sourceTree = BUILT_PRODUCTS_DIR; };
		4C9D3B892107FCF5002262C3 /* AppDelegate.swift */ = {isa = PBXFileReference; lastKnownFileType = sourcecode.swift; path = AppDelegate.swift; sourceTree = "<group>"; };
		4C9D3B8B2107FCF5002262C3 /* GoalsVC.swift */ = {isa = PBXFileReference; lastKnownFileType = sourcecode.swift; path = GoalsVC.swift; sourceTree = "<group>"; };
		4C9D3B8E2107FCF5002262C3 /* Base */ = {isa = PBXFileReference; lastKnownFileType = file.storyboard; name = Base; path = Base.lproj/Main.storyboard; sourceTree = "<group>"; };
		4C9D3B912107FCF5002262C3 /* GoalKeeping.xcdatamodel */ = {isa = PBXFileReference; lastKnownFileType = wrapper.xcdatamodel; path = GoalKeeping.xcdatamodel; sourceTree = "<group>"; };
		4C9D3B932107FCF6002262C3 /* Assets.xcassets */ = {isa = PBXFileReference; lastKnownFileType = folder.assetcatalog; path = Assets.xcassets; sourceTree = "<group>"; };
		4C9D3B962107FCF6002262C3 /* Base */ = {isa = PBXFileReference; lastKnownFileType = file.storyboard; name = Base; path = Base.lproj/LaunchScreen.storyboard; sourceTree = "<group>"; };
		4C9D3B982107FCF6002262C3 /* Info.plist */ = {isa = PBXFileReference; lastKnownFileType = text.plist.xml; path = Info.plist; sourceTree = "<group>"; };
		4C9D3BA921090A54002262C3 /* GoalCell.swift */ = {isa = PBXFileReference; lastKnownFileType = sourcecode.swift; path = GoalCell.swift; sourceTree = "<group>"; };
		4C9D3BAB210918F2002262C3 /* GoalType.swift */ = {isa = PBXFileReference; lastKnownFileType = sourcecode.swift; path = GoalType.swift; sourceTree = "<group>"; };
		4C9D3BAD21091E7F002262C3 /* GoalsInputVC.swift */ = {isa = PBXFileReference; lastKnownFileType = sourcecode.swift; path = GoalsInputVC.swift; sourceTree = "<group>"; };
		4C9D3BAF21091EDC002262C3 /* RoundedButton.swift */ = {isa = PBXFileReference; lastKnownFileType = sourcecode.swift; path = RoundedButton.swift; sourceTree = "<group>"; };
		4C9D3BB121092C12002262C3 /* UIViewControllerExt.swift */ = {isa = PBXFileReference; lastKnownFileType = sourcecode.swift; path = UIViewControllerExt.swift; sourceTree = "<group>"; };
		4C9D3BB321094C42002262C3 /* UIViewExt.swift */ = {isa = PBXFileReference; lastKnownFileType = sourcecode.swift; path = UIViewExt.swift; sourceTree = "<group>"; };
		4C9D3BB5210950C1002262C3 /* UIButtonExt.swift */ = {isa = PBXFileReference; lastKnownFileType = sourcecode.swift; path = UIButtonExt.swift; sourceTree = "<group>"; };
		4C9D3BB721095BE1002262C3 /* FinishGoalVC.swift */ = {isa = PBXFileReference; lastKnownFileType = sourcecode.swift; path = FinishGoalVC.swift; sourceTree = "<group>"; };
/* End PBXFileReference section */

/* Begin PBXFrameworksBuildPhase section */
		4C9D3B832107FCF5002262C3 /* Frameworks */ = {
			isa = PBXFrameworksBuildPhase;
			buildActionMask = 2147483647;
			files = (
			);
			runOnlyForDeploymentPostprocessing = 0;
		};
/* End PBXFrameworksBuildPhase section */

/* Begin PBXGroup section */
		4C9D3B7D2107FCF5002262C3 = {
			isa = PBXGroup;
			children = (
				4C9D3B882107FCF5002262C3 /* GoalKeeping */,
				4C9D3B872107FCF5002262C3 /* Products */,
			);
			sourceTree = "<group>";
		};
		4C9D3B872107FCF5002262C3 /* Products */ = {
			isa = PBXGroup;
			children = (
				4C9D3B862107FCF5002262C3 /* GoalKeeping.app */,
			);
			name = Products;
			sourceTree = "<group>";
		};
		4C9D3B882107FCF5002262C3 /* GoalKeeping */ = {
			isa = PBXGroup;
			children = (
				4C9D3BA72107FF32002262C3 /* Model */,
				4C9D3BA62107FF30002262C3 /* View */,
				4C9D3BA52107FF2D002262C3 /* Controller */,
				4C9D3BA82107FF35002262C3 /* Enums */,
				4C9D3BA42107FF2A002262C3 /* Extentions */,
				4C9D3B892107FCF5002262C3 /* AppDelegate.swift */,
				4C9D3B932107FCF6002262C3 /* Assets.xcassets */,
				4C9D3B952107FCF6002262C3 /* LaunchScreen.storyboard */,
				4C9D3B982107FCF6002262C3 /* Info.plist */,
			);
			path = GoalKeeping;
			sourceTree = "<group>";
		};
		4C9D3BA42107FF2A002262C3 /* Extentions */ = {
			isa = PBXGroup;
			children = (
				4C9D3BB121092C12002262C3 /* UIViewControllerExt.swift */,
				4C9D3BB321094C42002262C3 /* UIViewExt.swift */,
				4C9D3BB5210950C1002262C3 /* UIButtonExt.swift */,
			);
			name = Extentions;
			path = "New Group";
			sourceTree = "<group>";
		};
		4C9D3BA52107FF2D002262C3 /* Controller */ = {
			isa = PBXGroup;
			children = (
				4C9D3B8B2107FCF5002262C3 /* GoalsVC.swift */,
				4C9D3BAD21091E7F002262C3 /* GoalsInputVC.swift */,
				4C9D3BB721095BE1002262C3 /* FinishGoalVC.swift */,
			);
			name = Controller;
			path = "New Group1";
			sourceTree = "<group>";
		};
		4C9D3BA62107FF30002262C3 /* View */ = {
			isa = PBXGroup;
			children = (
				4C9D3B8D2107FCF5002262C3 /* Main.storyboard */,
				4C9D3BA921090A54002262C3 /* GoalCell.swift */,
				4C9D3BAF21091EDC002262C3 /* RoundedButton.swift */,
			);
			name = View;
			path = "New Group2";
			sourceTree = "<group>";
		};
		4C9D3BA72107FF32002262C3 /* Model */ = {
			isa = PBXGroup;
			children = (
				4C9D3B902107FCF5002262C3 /* GoalKeeping.xcdatamodeld */,
			);
			name = Model;
			path = "New Group3";
			sourceTree = "<group>";
		};
		4C9D3BA82107FF35002262C3 /* Enums */ = {
			isa = PBXGroup;
			children = (
				4C9D3BAB210918F2002262C3 /* GoalType.swift */,
			);
			name = Enums;
			path = "New Group4";
			sourceTree = "<group>";
		};
/* End PBXGroup section */

/* Begin PBXNativeTarget section */
		4C9D3B852107FCF5002262C3 /* GoalKeeping */ = {
			isa = PBXNativeTarget;
			buildConfigurationList = 4C9D3B9B2107FCF6002262C3 /* Build configuration list for PBXNativeTarget "GoalKeeping" */;
			buildPhases = (
				4C9D3B822107FCF5002262C3 /* Sources */,
				4C9D3B832107FCF5002262C3 /* Frameworks */,
				4C9D3B842107FCF5002262C3 /* Resources */,
			);
			buildRules = (
			);
			dependencies = (
			);
			name = GoalKeeping;
			productName = GoalKeeping;
			productReference = 4C9D3B862107FCF5002262C3 /* GoalKeeping.app */;
			productType = "com.apple.product-type.application";
		};
/* End PBXNativeTarget section */

/* Begin PBXProject section */
		4C9D3B7E2107FCF5002262C3 /* Project object */ = {
			isa = PBXProject;
			attributes = {
				LastSwiftUpdateCheck = 0940;
				LastUpgradeCheck = 0940;
				ORGANIZATIONNAME = "Ishaan Bhasin";
				TargetAttributes = {
					4C9D3B852107FCF5002262C3 = {
						CreatedOnToolsVersion = 9.4.1;
					};
				};
			};
			buildConfigurationList = 4C9D3B812107FCF5002262C3 /* Build configuration list for PBXProject "GoalKeeping" */;
			compatibilityVersion = "Xcode 9.3";
			developmentRegion = en;
			hasScannedForEncodings = 0;
			knownRegions = (
				en,
				Base,
			);
			mainGroup = 4C9D3B7D2107FCF5002262C3;
			productRefGroup = 4C9D3B872107FCF5002262C3 /* Products */;
			projectDirPath = "";
			projectRoot = "";
			targets = (
				4C9D3B852107FCF5002262C3 /* GoalKeeping */,
			);
		};
/* End PBXProject section */

/* Begin PBXResourcesBuildPhase section */
		4C9D3B842107FCF5002262C3 /* Resources */ = {
			isa = PBXResourcesBuildPhase;
			buildActionMask = 2147483647;
			files = (
				4C9D3B972107FCF6002262C3 /* LaunchScreen.storyboard in Resources */,
				4C9D3B942107FCF6002262C3 /* Assets.xcassets in Resources */,
				4C9D3B8F2107FCF5002262C3 /* Main.storyboard in Resources */,
			);
			runOnlyForDeploymentPostprocessing = 0;
		};
/* End PBXResourcesBuildPhase section */

/* Begin PBXSourcesBuildPhase section */
		4C9D3B822107FCF5002262C3 /* Sources */ = {
			isa = PBXSourcesBuildPhase;
			buildActionMask = 2147483647;
			files = (
				4C9D3BB421094C42002262C3 /* UIViewExt.swift in Sources */,
				4C9D3BB6210950C1002262C3 /* UIButtonExt.swift in Sources */,
				4C9D3BAA21090A54002262C3 /* GoalCell.swift in Sources */,
				4C9D3BAC210918F2002262C3 /* GoalType.swift in Sources */,
				4C9D3BB221092C12002262C3 /* UIViewControllerExt.swift in Sources */,
				4C9D3BB821095BE1002262C3 /* FinishGoalVC.swift in Sources */,
				4C9D3B8C2107FCF5002262C3 /* GoalsVC.swift in Sources */,
				4C9D3B8A2107FCF5002262C3 /* AppDelegate.swift in Sources */,
				4C9D3BB021091EDC002262C3 /* RoundedButton.swift in Sources */,
				4C9D3BAE21091E7F002262C3 /* GoalsInputVC.swift in Sources */,
				4C9D3B922107FCF5002262C3 /* GoalKeeping.xcdatamodeld in Sources */,
			);
			runOnlyForDeploymentPostprocessing = 0;
		};
/* End PBXSourcesBuildPhase section */

/* Begin PBXVariantGroup section */
		4C9D3B8D2107FCF5002262C3 /* Main.storyboard */ = {
			isa = PBXVariantGroup;
			children = (
				4C9D3B8E2107FCF5002262C3 /* Base */,
			);
			name = Main.storyboard;
			sourceTree = "<group>";
		};
		4C9D3B952107FCF6002262C3 /* LaunchScreen.storyboard */ = {
			isa = PBXVariantGroup;
			children = (
				4C9D3B962107FCF6002262C3 /* Base */,
			);
			name = LaunchScreen.storyboard;
			sourceTree = "<group>";
		};
/* End PBXVariantGroup section */

/* Begin XCBuildConfiguration section */
		4C9D3B992107FCF6002262C3 /* Debug */ = {
			isa = XCBuildConfiguration;
			buildSettings = {
				ALWAYS_SEARCH_USER_PATHS = NO;
				CLANG_ANALYZER_NONNULL = YES;
				CLANG_ANALYZER_NUMBER_OBJECT_CONVERSION = YES_AGGRESSIVE;
				CLANG_CXX_LANGUAGE_STANDARD = "gnu++14";
				CLANG_CXX_LIBRARY = "libc++";
				CLANG_ENABLE_MODULES = YES;
				CLANG_ENABLE_OBJC_ARC = YES;
				CLANG_ENABLE_OBJC_WEAK = YES;
				CLANG_WARN_BLOCK_CAPTURE_AUTORELEASING = YES;
				CLANG_WARN_BOOL_CONVERSION = YES;
				CLANG_WARN_COMMA = YES;
				CLANG_WARN_CONSTANT_CONVERSION = YES;
				CLANG_WARN_DEPRECATED_OBJC_IMPLEMENTATIONS = YES;
				CLANG_WARN_DIRECT_OBJC_ISA_USAGE = YES_ERROR;
				CLANG_WARN_DOCUMENTATION_COMMENTS = YES;
				CLANG_WARN_EMPTY_BODY = YES;
				CLANG_WARN_ENUM_CONVERSION = YES;
				CLANG_WARN_INFINITE_RECURSION = YES;
				CLANG_WARN_INT_CONVERSION = YES;
				CLANG_WARN_NON_LITERAL_NULL_CONVERSION = YES;
				CLANG_WARN_OBJC_IMPLICIT_RETAIN_SELF = YES;
				CLANG_WARN_OBJC_LITERAL_CONVERSION = YES;
				CLANG_WARN_OBJC_ROOT_CLASS = YES_ERROR;
				CLANG_WARN_RANGE_LOOP_ANALYSIS = YES;
				CLANG_WARN_STRICT_PROTOTYPES = YES;
				CLANG_WARN_SUSPICIOUS_MOVE = YES;
				CLANG_WARN_UNGUARDED_AVAILABILITY = YES_AGGRESSIVE;
				CLANG_WARN_UNREACHABLE_CODE = YES;
				CLANG_WARN__DUPLICATE_METHOD_MATCH = YES;
				CODE_SIGN_IDENTITY = "iPhone Developer";
				COPY_PHASE_STRIP = NO;
				DEBUG_INFORMATION_FORMAT = dwarf;
				ENABLE_STRICT_OBJC_MSGSEND = YES;
				ENABLE_TESTABILITY = YES;
				GCC_C_LANGUAGE_STANDARD = gnu11;
				GCC_DYNAMIC_NO_PIC = NO;
				GCC_NO_COMMON_BLOCKS = YES;
				GCC_OPTIMIZATION_LEVEL = 0;
				GCC_PREPROCESSOR_DEFINITIONS = (
					"DEBUG=1",
					"$(inherited)",
				);
				GCC_WARN_64_TO_32_BIT_CONVERSION = YES;
				GCC_WARN_ABOUT_RETURN_TYPE = YES_ERROR;
				GCC_WARN_UNDECLARED_SELECTOR = YES;
				GCC_WARN_UNINITIALIZED_AUTOS = YES_AGGRESSIVE;
				GCC_WARN_UNUSED_FUNCTION = YES;
				GCC_WARN_UNUSED_VARIABLE = YES;
				IPHONEOS_DEPLOYMENT_TARGET = 11.4;
				MTL_ENABLE_DEBUG_INFO = YES;
				ONLY_ACTIVE_ARCH = YES;
				SDKROOT = iphoneos;
				SWIFT_ACTIVE_COMPILATION_CONDITIONS = DEBUG;
				SWIFT_OPTIMIZATION_LEVEL = "-Onone";
			};
			name = Debug;
		};
		4C9D3B9A2107FCF6002262C3 /* Release */ = {
			isa = XCBuildConfiguration;
			buildSettings = {
				ALWAYS_SEARCH_USER_PATHS = NO;
				CLANG_ANALYZER_NONNULL = YES;
				CLANG_ANALYZER_NUMBER_OBJECT_CONVERSION = YES_AGGRESSIVE;
				CLANG_CXX_LANGUAGE_STANDARD = "gnu++14";
				CLANG_CXX_LIBRARY = "libc++";
				CLANG_ENABLE_MODULES = YES;
				CLANG_ENABLE_OBJC_ARC = YES;
				CLANG_ENABLE_OBJC_WEAK = YES;
				CLANG_WARN_BLOCK_CAPTURE_AUTORELEASING = YES;
				CLANG_WARN_BOOL_CONVERSION = YES;
				CLANG_WARN_COMMA = YES;
				CLANG_WARN_CONSTANT_CONVERSION = YES;
				CLANG_WARN_DEPRECATED_OBJC_IMPLEMENTATIONS = YES;
				CLANG_WARN_DIRECT_OBJC_ISA_USAGE = YES_ERROR;
				CLANG_WARN_DOCUMENTATION_COMMENTS = YES;
				CLANG_WARN_EMPTY_BODY = YES;
				CLANG_WARN_ENUM_CONVERSION = YES;
				CLANG_WARN_INFINITE_RECURSION = YES;
				CLANG_WARN_INT_CONVERSION = YES;
				CLANG_WARN_NON_LITERAL_NULL_CONVERSION = YES;
				CLANG_WARN_OBJC_IMPLICIT_RETAIN_SELF = YES;
				CLANG_WARN_OBJC_LITERAL_CONVERSION = YES;
				CLANG_WARN_OBJC_ROOT_CLASS = YES_ERROR;
				CLANG_WARN_RANGE_LOOP_ANALYSIS = YES;
				CLANG_WARN_STRICT_PROTOTYPES = YES;
				CLANG_WARN_SUSPICIOUS_MOVE = YES;
				CLANG_WARN_UNGUARDED_AVAILABILITY = YES_AGGRESSIVE;
				CLANG_WARN_UNREACHABLE_CODE = YES;
				CLANG_WARN__DUPLICATE_METHOD_MATCH = YES;
				CODE_SIGN_IDENTITY = "iPhone Developer";
				COPY_PHASE_STRIP = NO;
				DEBUG_INFORMATION_FORMAT = "dwarf-with-dsym";
				ENABLE_NS_ASSERTIONS = NO;
				ENABLE_STRICT_OBJC_MSGSEND = YES;
				GCC_C_LANGUAGE_STANDARD = gnu11;
				GCC_NO_COMMON_BLOCKS = YES;
				GCC_WARN_64_TO_32_BIT_CONVERSION = YES;
				GCC_WARN_ABOUT_RETURN_TYPE = YES_ERROR;
				GCC_WARN_UNDECLARED_SELECTOR = YES;
				GCC_WARN_UNINITIALIZED_AUTOS = YES_AGGRESSIVE;
				GCC_WARN_UNUSED_FUNCTION = YES;
				GCC_WARN_UNUSED_VARIABLE = YES;
				IPHONEOS_DEPLOYMENT_TARGET = 11.4;
				MTL_ENABLE_DEBUG_INFO = NO;
				SDKROOT = iphoneos;
				SWIFT_COMPILATION_MODE = wholemodule;
				SWIFT_OPTIMIZATION_LEVEL = "-O";
				VALIDATE_PRODUCT = YES;
			};
			name = Release;
		};
		4C9D3B9C2107FCF6002262C3 /* Debug */ = {
			isa = XCBuildConfiguration;
			buildSettings = {
				ASSETCATALOG_COMPILER_APPICON_NAME = AppIcon;
				CODE_SIGN_STYLE = Automatic;
				DEVELOPMENT_TEAM = P4WXW6TMCC;
				INFOPLIST_FILE = GoalKeeping/Info.plist;
				LD_RUNPATH_SEARCH_PATHS = (
					"$(inherited)",
					"@executable_path/Frameworks",
				);
				PRODUCT_BUNDLE_IDENTIFIER = com.icodeToLiveApplication.GoalKeeping;
				PRODUCT_NAME = "$(TARGET_NAME)";
				SWIFT_VERSION = 4.0;
				TARGETED_DEVICE_FAMILY = "1,2";
			};
			name = Debug;
		};
		4C9D3B9D2107FCF6002262C3 /* Release */ = {
			isa = XCBuildConfiguration;
			buildSettings = {
				ASSETCATALOG_COMPILER_APPICON_NAME = AppIcon;
				CODE_SIGN_STYLE = Automatic;
				DEVELOPMENT_TEAM = P4WXW6TMCC;
				INFOPLIST_FILE = GoalKeeping/Info.plist;
				LD_RUNPATH_SEARCH_PATHS = (
					"$(inherited)",
					"@executable_path/Frameworks",
				);
				PRODUCT_BUNDLE_IDENTIFIER = com.icodeToLiveApplication.GoalKeeping;
				PRODUCT_NAME = "$(TARGET_NAME)";
				SWIFT_VERSION = 4.0;
				TARGETED_DEVICE_FAMILY = "1,2";
			};
			name = Release;
		};
/* End XCBuildConfiguration section */

/* Begin XCConfigurationList section */
		4C9D3B812107FCF5002262C3 /* Build configuration list for PBXProject "GoalKeeping" */ = {
			isa = XCConfigurationList;
			buildConfigurations = (
				4C9D3B992107FCF6002262C3 /* Debug */,
				4C9D3B9A2107FCF6002262C3 /* Release */,
			);
			defaultConfigurationIsVisible = 0;
			defaultConfigurationName = Release;
		};
		4C9D3B9B2107FCF6002262C3 /* Build configuration list for PBXNativeTarget "GoalKeeping" */ = {
			isa = XCConfigurationList;
			buildConfigurations = (
				4C9D3B9C2107FCF6002262C3 /* Debug */,
				4C9D3B9D2107FCF6002262C3 /* Release */,
			);
			defaultConfigurationIsVisible = 0;
			defaultConfigurationName = Release;
		};
/* End XCConfigurationList section */

/* Begin XCVersionGroup section */
		4C9D3B902107FCF5002262C3 /* GoalKeeping.xcdatamodeld */ = {
			isa = XCVersionGroup;
			children = (
				4C9D3B912107FCF5002262C3 /* GoalKeeping.xcdatamodel */,
			);
			currentVersion = 4C9D3B912107FCF5002262C3 /* GoalKeeping.xcdatamodel */;
			path = GoalKeeping.xcdatamodeld;
			sourceTree = "<group>";
			versionGroupType = wrapper.xcdatamodel;
		};
/* End XCVersionGroup section */
	};
	rootObject = 4C9D3B7E2107FCF5002262C3 /* Project object */;
}
